
Microsoft Visual Studio Solution File, Format Version 12.00
# Visual Studio Version 16
VisualStudioVersion = 16.0.31005.135
MinimumVisualStudioVersion = 10.0.40219.1
Project("{FAE04EC0-301F-11D3-BF4B-00C04F79EFBC}") = "ShipApp", "ShipApp\ShipApp.csproj", "{D13175F7-7F9A-4569-B809-16F3F9DAF66E}"
EndProject
Global
	GlobalSection(SolutionConfigurationPlatforms) = preSolution
		Debug|Any CPU = Debug|Any CPU
		Release|Any CPU = Release|Any CPU
	EndGlobalSection
	GlobalSection(ProjectConfigurationPlatforms) = postSolution
		{D13175F7-7F9A-4569-B809-16F3F9DAF66E}.Debug|Any CPU.ActiveCfg = Debug|Any CPU
		{D13175F7-7F9A-4569-B809-16F3F9DAF66E}.Debug|Any CPU.Build.0 = Debug|Any CPU
		{D13175F7-7F9A-4569-B809-16F3F9DAF66E}.Release|Any CPU.ActiveCfg = Release|Any CPU
		{D13175F7-7F9A-4569-B809-16F3F9DAF66E}.Release|Any CPU.Build.0 = Release|Any CPU
	EndGlobalSection
	GlobalSection(SolutionProperties) = preSolution
		HideSolutionNode = FALSE
	EndGlobalSection
	GlobalSection(ExtensibilityGlobals) = postSolution
		SolutionGuid = {4718EE68-8D0E-46E3-8DAB-1924F8A8ADDC}
	EndGlobalSection
EndGlobal
